
Microsoft Visual Studio Solution File, Format Version 12.00
# Visual Studio 15
VisualStudioVersion = 15.0.28307.1259
MinimumVisualStudioVersion = 10.0.40219.1
Project("{FAE04EC0-301F-11D3-BF4B-00C04F79EFBC}") = "BanknoteTester", "BanknoteTester\BanknoteTester.csproj", "{EEDAED4B-F5E8-4DC7-96B6-BF70DB9302E5}"
EndProject
Project("{FAE04EC0-301F-11D3-BF4B-00C04F79EFBC}") = "ComPC2MC", "ComPC2MC\ComPC2MC\ComPC2MC.csproj", "{EA2EDF33-74FB-4320-9794-70C1C9F05987}"
EndProject
Global
	GlobalSection(SolutionConfigurationPlatforms) = preSolution
		Debug|Any CPU = Debug|Any CPU
		Debug|x64 = Debug|x64
		Debug|x86 = Debug|x86
		Release|Any CPU = Release|Any CPU
		Release|x64 = Release|x64
		Release|x86 = Release|x86
	EndGlobalSection
	GlobalSection(ProjectConfigurationPlatforms) = postSolution
		{EEDAED4B-F5E8-4DC7-96B6-BF70DB9302E5}.Debug|Any CPU.ActiveCfg = Debug|Any CPU
		{EEDAED4B-F5E8-4DC7-96B6-BF70DB9302E5}.Debug|Any CPU.Build.0 = Debug|Any CPU
		{EEDAED4B-F5E8-4DC7-96B6-BF70DB9302E5}.Debug|x64.ActiveCfg = Debug|Any CPU
		{EEDAED4B-F5E8-4DC7-96B6-BF70DB9302E5}.Debug|x64.Build.0 = Debug|Any CPU
		{EEDAED4B-F5E8-4DC7-96B6-BF70DB9302E5}.Debug|x86.ActiveCfg = Debug|Any CPU
		{EEDAED4B-F5E8-4DC7-96B6-BF70DB9302E5}.Debug|x86.Build.0 = Debug|Any CPU
		{EEDAED4B-F5E8-4DC7-96B6-BF70DB9302E5}.Release|Any CPU.ActiveCfg = Release|Any CPU
		{EEDAED4B-F5E8-4DC7-96B6-BF70DB9302E5}.Release|Any CPU.Build.0 = Release|Any CPU
		{EEDAED4B-F5E8-4DC7-96B6-BF70DB9302E5}.Release|x64.ActiveCfg = Release|Any CPU
		{EEDAED4B-F5E8-4DC7-96B6-BF70DB9302E5}.Release|x64.Build.0 = Release|Any CPU
		{EEDAED4B-F5E8-4DC7-96B6-BF70DB9302E5}.Release|x86.ActiveCfg = Release|Any CPU
		{EEDAED4B-F5E8-4DC7-96B6-BF70DB9302E5}.Release|x86.Build.0 = Release|Any CPU
		{EA2EDF33-74FB-4320-9794-70C1C9F05987}.Debug|Any CPU.ActiveCfg = Debug|Any CPU
		{EA2EDF33-74FB-4320-9794-70C1C9F05987}.Debug|Any CPU.Build.0 = Debug|Any CPU
		{EA2EDF33-74FB-4320-9794-70C1C9F05987}.Debug|x64.ActiveCfg = Debug|Any CPU
		{EA2EDF33-74FB-4320-9794-70C1C9F05987}.Debug|x64.Build.0 = Debug|Any CPU
		{EA2EDF33-74FB-4320-9794-70C1C9F05987}.Debug|x86.ActiveCfg = Debug|x86
		{EA2EDF33-74FB-4320-9794-70C1C9F05987}.Debug|x86.Build.0 = Debug|x86
		{EA2EDF33-74FB-4320-9794-70C1C9F05987}.Release|Any CPU.ActiveCfg = Release|Any CPU
		{EA2EDF33-74FB-4320-9794-70C1C9F05987}.Release|Any CPU.Build.0 = Release|Any CPU
		{EA2EDF33-74FB-4320-9794-70C1C9F05987}.Release|x64.ActiveCfg = Release|Any CPU
		{EA2EDF33-74FB-4320-9794-70C1C9F05987}.Release|x64.Build.0 = Release|Any CPU
		{EA2EDF33-74FB-4320-9794-70C1C9F05987}.Release|x86.ActiveCfg = Release|x86
		{EA2EDF33-74FB-4320-9794-70C1C9F05987}.Release|x86.Build.0 = Release|x86
	EndGlobalSection
	GlobalSection(SolutionProperties) = preSolution
		HideSolutionNode = FALSE
	EndGlobalSection
	GlobalSection(ExtensibilityGlobals) = postSolution
		SolutionGuid = {ED981A6D-C711-4E14-9553-D6C99A2F7C66}
	EndGlobalSection
EndGlobal
